
Microsoft Visual Studio Solution File, Format Version 12.00
# Visual Studio 15
VisualStudioVersion = 15.0.28010.2036
MinimumVisualStudioVersion = 10.0.40219.1
Project("{FAE04EC0-301F-11D3-BF4B-00C04F79EFBC}") = "lab10", "lab10\lab10.csproj", "{10BECBC7-5378-473B-8FD1-A3A724A9B779}"
EndProject
Global
	GlobalSection(SolutionConfigurationPlatforms) = preSolution
		Debug|Any CPU = Debug|Any CPU
		Release|Any CPU = Release|Any CPU
	EndGlobalSection
	GlobalSection(ProjectConfigurationPlatforms) = postSolution
		{10BECBC7-5378-473B-8FD1-A3A724A9B779}.Debug|Any CPU.ActiveCfg = Debug|Any CPU
		{10BECBC7-5378-473B-8FD1-A3A724A9B779}.Debug|Any CPU.Build.0 = Debug|Any CPU
		{10BECBC7-5378-473B-8FD1-A3A724A9B779}.Release|Any CPU.ActiveCfg = Release|Any CPU
		{10BECBC7-5378-473B-8FD1-A3A724A9B779}.Release|Any CPU.Build.0 = Release|Any CPU
	EndGlobalSection
	GlobalSection(SolutionProperties) = preSolution
		HideSolutionNode = FALSE
	EndGlobalSection
	GlobalSection(ExtensibilityGlobals) = postSolution
		SolutionGuid = {687C14DD-35A0-4D81-B12C-859F29353AE2}
	EndGlobalSection
EndGlobal
